
Microsoft Visual Studio Solution File, Format Version 12.00
# Visual Studio Version 17
VisualStudioVersion = 17.7.34024.191
MinimumVisualStudioVersion = 10.0.40219.1
Project("{FAE04EC0-301F-11D3-BF4B-00C04F79EFBC}") = "RunLib", "RunLib.csproj", "{42596A64-6D67-48CB-9550-8BFC7FA22C2E}"
EndProject
Project("{FAE04EC0-301F-11D3-BF4B-00C04F79EFBC}") = "RunningRazor", "..\RunningRazor\RunningRazor.csproj", "{636BC44C-7DCA-4A7E-9A4B-39B34AAD5193}"
EndProject
Global
	GlobalSection(SolutionConfigurationPlatforms) = preSolution
		Debug|Any CPU = Debug|Any CPU
		Release|Any CPU = Release|Any CPU
	EndGlobalSection
	GlobalSection(ProjectConfigurationPlatforms) = postSolution
		{42596A64-6D67-48CB-9550-8BFC7FA22C2E}.Debug|Any CPU.ActiveCfg = Debug|Any CPU
		{42596A64-6D67-48CB-9550-8BFC7FA22C2E}.Debug|Any CPU.Build.0 = Debug|Any CPU
		{42596A64-6D67-48CB-9550-8BFC7FA22C2E}.Release|Any CPU.ActiveCfg = Release|Any CPU
		{42596A64-6D67-48CB-9550-8BFC7FA22C2E}.Release|Any CPU.Build.0 = Release|Any CPU
		{636BC44C-7DCA-4A7E-9A4B-39B34AAD5193}.Debug|Any CPU.ActiveCfg = Debug|Any CPU
		{636BC44C-7DCA-4A7E-9A4B-39B34AAD5193}.Debug|Any CPU.Build.0 = Debug|Any CPU
		{636BC44C-7DCA-4A7E-9A4B-39B34AAD5193}.Release|Any CPU.ActiveCfg = Release|Any CPU
		{636BC44C-7DCA-4A7E-9A4B-39B34AAD5193}.Release|Any CPU.Build.0 = Release|Any CPU
	EndGlobalSection
	GlobalSection(SolutionProperties) = preSolution
		HideSolutionNode = FALSE
	EndGlobalSection
	GlobalSection(ExtensibilityGlobals) = postSolution
		SolutionGuid = {F70749EE-6250-483B-BA01-58F2C61DE927}
	EndGlobalSection
EndGlobal
